
Microsoft Visual Studio Solution File, Format Version 12.00
Project("{FAE04EC0-301F-11D3-BF4B-00C04F79EFBC}") = "WebApiClient", "WebApiClient\WebApiClient.csproj", "{50A0B493-863F-483F-A80A-613E08B78886}"
EndProject
Global
	GlobalSection(SolutionConfigurationPlatforms) = preSolution
		Debug|Any CPU = Debug|Any CPU
		Release|Any CPU = Release|Any CPU
	EndGlobalSection
	GlobalSection(ProjectConfigurationPlatforms) = postSolution
		{50A0B493-863F-483F-A80A-613E08B78886}.Debug|Any CPU.ActiveCfg = Debug|Any CPU
		{50A0B493-863F-483F-A80A-613E08B78886}.Debug|Any CPU.Build.0 = Debug|Any CPU
		{50A0B493-863F-483F-A80A-613E08B78886}.Release|Any CPU.ActiveCfg = Release|Any CPU
		{50A0B493-863F-483F-A80A-613E08B78886}.Release|Any CPU.Build.0 = Release|Any CPU
	EndGlobalSection
EndGlobal
